// !$*UTF8*$!
{
	archiveVersion = 1;
	classes = {
	};
	objectVersion = 46;
	objects = {

/* Begin PBXBuildFile section */
		BBC4AE4C1EC3892600E96FBC /* main.swift in Sources */ = {isa = PBXBuildFile; fileRef = BBC4AE4B1EC3892600E96FBC /* main.swift */; };
		BBC4AE5A1EC3897900E96FBC /* Heap.swift in Sources */ = {isa = PBXBuildFile; fileRef = BBC4AE521EC3897900E96FBC /* Heap.swift */; };
		BBC4AE5B1EC3897900E96FBC /* HeapSort.swift in Sources */ = {isa = PBXBuildFile; fileRef = BBC4AE531EC3897900E96FBC /* HeapSort.swift */; };
		BBC4AE5C1EC3897900E96FBC /* InputRouting.swift in Sources */ = {isa = PBXBuildFile; fileRef = BBC4AE541EC3897900E96FBC /* InputRouting.swift */; };
		BBC4AE5D1EC3897900E96FBC /* LinkedList.swift in Sources */ = {isa = PBXBuildFile; fileRef = BBC4AE551EC3897900E96FBC /* LinkedList.swift */; };
		BBC4AE5E1EC3897900E96FBC /* PriorityQueue.swift in Sources */ = {isa = PBXBuildFile; fileRef = BBC4AE561EC3897900E96FBC /* PriorityQueue.swift */; };
		BBC4AE601EC3897900E96FBC /* State.swift in Sources */ = {isa = PBXBuildFile; fileRef = BBC4AE581EC3897900E96FBC /* State.swift */; };
		BBC4AE611EC3897900E96FBC /* UserInterface.swift in Sources */ = {isa = PBXBuildFile; fileRef = BBC4AE591EC3897900E96FBC /* UserInterface.swift */; };
		BBC4AE631EC38EC100E96FBC /* SearchTree.swift in Sources */ = {isa = PBXBuildFile; fileRef = BBC4AE621EC38EC100E96FBC /* SearchTree.swift */; };
/* End PBXBuildFile section */

/* Begin PBXCopyFilesBuildPhase section */
		BBC4AE461EC3892600E96FBC /* CopyFiles */ = {
			isa = PBXCopyFilesBuildPhase;
			buildActionMask = 2147483647;
			dstPath = /usr/share/man/man1/;
			dstSubfolderSpec = 0;
			files = (
			);
			runOnlyForDeploymentPostprocessing = 1;
		};
/* End PBXCopyFilesBuildPhase section */

/* Begin PBXFileReference section */
		BBC4AE481EC3892600E96FBC /* Quebra Cabeca de 8 Pecas */ = {isa = PBXFileReference; explicitFileType = "compiled.mach-o.executable"; includeInIndex = 0; path = "Quebra Cabeca de 8 Pecas"; sourceTree = BUILT_PRODUCTS_DIR; };
		BBC4AE4B1EC3892600E96FBC /* main.swift */ = {isa = PBXFileReference; lastKnownFileType = sourcecode.swift; path = main.swift; sourceTree = "<group>"; };
		BBC4AE521EC3897900E96FBC /* Heap.swift */ = {isa = PBXFileReference; fileEncoding = 4; lastKnownFileType = sourcecode.swift; path = Heap.swift; sourceTree = "<group>"; };
		BBC4AE531EC3897900E96FBC /* HeapSort.swift */ = {isa = PBXFileReference; fileEncoding = 4; lastKnownFileType = sourcecode.swift; path = HeapSort.swift; sourceTree = "<group>"; };
		BBC4AE541EC3897900E96FBC /* InputRouting.swift */ = {isa = PBXFileReference; fileEncoding = 4; lastKnownFileType = sourcecode.swift; path = InputRouting.swift; sourceTree = "<group>"; };
		BBC4AE551EC3897900E96FBC /* LinkedList.swift */ = {isa = PBXFileReference; fileEncoding = 4; lastKnownFileType = sourcecode.swift; path = LinkedList.swift; sourceTree = "<group>"; };
		BBC4AE561EC3897900E96FBC /* PriorityQueue.swift */ = {isa = PBXFileReference; fileEncoding = 4; lastKnownFileType = sourcecode.swift; path = PriorityQueue.swift; sourceTree = "<group>"; };
		BBC4AE581EC3897900E96FBC /* State.swift */ = {isa = PBXFileReference; fileEncoding = 4; lastKnownFileType = sourcecode.swift; path = State.swift; sourceTree = "<group>"; };
		BBC4AE591EC3897900E96FBC /* UserInterface.swift */ = {isa = PBXFileReference; fileEncoding = 4; lastKnownFileType = sourcecode.swift; path = UserInterface.swift; sourceTree = "<group>"; };
		BBC4AE621EC38EC100E96FBC /* SearchTree.swift */ = {isa = PBXFileReference; fileEncoding = 4; lastKnownFileType = sourcecode.swift; path = SearchTree.swift; sourceTree = "<group>"; };
/* End PBXFileReference section */

/* Begin PBXFrameworksBuildPhase section */
		BBC4AE451EC3892600E96FBC /* Frameworks */ = {
			isa = PBXFrameworksBuildPhase;
			buildActionMask = 2147483647;
			files = (
			);
			runOnlyForDeploymentPostprocessing = 0;
		};
/* End PBXFrameworksBuildPhase section */

/* Begin PBXGroup section */
		BBC4AE3F1EC3892600E96FBC = {
			isa = PBXGroup;
			children = (
				BBC4AE4A1EC3892600E96FBC /* Quebra Cabeca de 8 Pecas */,
				BBC4AE491EC3892600E96FBC /* Products */,
			);
			sourceTree = "<group>";
		};
		BBC4AE491EC3892600E96FBC /* Products */ = {
			isa = PBXGroup;
			children = (
				BBC4AE481EC3892600E96FBC /* Quebra Cabeca de 8 Pecas */,
			);
			name = Products;
			sourceTree = "<group>";
		};
		BBC4AE4A1EC3892600E96FBC /* Quebra Cabeca de 8 Pecas */ = {
			isa = PBXGroup;
			children = (
				BBC4AE4B1EC3892600E96FBC /* main.swift */,
				BBC4AE621EC38EC100E96FBC /* SearchTree.swift */,
				BBC4AE521EC3897900E96FBC /* Heap.swift */,
				BBC4AE531EC3897900E96FBC /* HeapSort.swift */,
				BBC4AE541EC3897900E96FBC /* InputRouting.swift */,
				BBC4AE551EC3897900E96FBC /* LinkedList.swift */,
				BBC4AE561EC3897900E96FBC /* PriorityQueue.swift */,
				BBC4AE581EC3897900E96FBC /* State.swift */,
				BBC4AE591EC3897900E96FBC /* UserInterface.swift */,
			);
			path = "Quebra Cabeca de 8 Pecas";
			sourceTree = "<group>";
		};
/* End PBXGroup section */

/* Begin PBXNativeTarget section */
		BBC4AE471EC3892600E96FBC /* Quebra Cabeca de 8 Pecas */ = {
			isa = PBXNativeTarget;
			buildConfigurationList = BBC4AE4F1EC3892600E96FBC /* Build configuration list for PBXNativeTarget "Quebra Cabeca de 8 Pecas" */;
			buildPhases = (
				BBC4AE441EC3892600E96FBC /* Sources */,
				BBC4AE451EC3892600E96FBC /* Frameworks */,
				BBC4AE461EC3892600E96FBC /* CopyFiles */,
			);
			buildRules = (
			);
			dependencies = (
			);
			name = "Quebra Cabeca de 8 Pecas";
			productName = "Quebra Cabeca de 8 Pecas";
			productReference = BBC4AE481EC3892600E96FBC /* Quebra Cabeca de 8 Pecas */;
			productType = "com.apple.product-type.tool";
		};
/* End PBXNativeTarget section */

/* Begin PBXProject section */
		BBC4AE401EC3892600E96FBC /* Project object */ = {
			isa = PBXProject;
			attributes = {
				LastSwiftUpdateCheck = 0830;
				LastUpgradeCheck = 0830;
				ORGANIZATIONNAME = "Clinton Barreto";
				TargetAttributes = {
					BBC4AE471EC3892600E96FBC = {
						CreatedOnToolsVersion = 8.3.2;
						DevelopmentTeam = LDT5GDB2EQ;
						ProvisioningStyle = Automatic;
					};
				};
			};
			buildConfigurationList = BBC4AE431EC3892600E96FBC /* Build configuration list for PBXProject "Quebra Cabeca de 8 Pecas" */;
			compatibilityVersion = "Xcode 3.2";
			developmentRegion = English;
			hasScannedForEncodings = 0;
			knownRegions = (
				en,
			);
			mainGroup = BBC4AE3F1EC3892600E96FBC;
			productRefGroup = BBC4AE491EC3892600E96FBC /* Products */;
			projectDirPath = "";
			projectRoot = "";
			targets = (
				BBC4AE471EC3892600E96FBC /* Quebra Cabeca de 8 Pecas */,
			);
		};
/* End PBXProject section */

/* Begin PBXSourcesBuildPhase section */
		BBC4AE441EC3892600E96FBC /* Sources */ = {
			isa = PBXSourcesBuildPhase;
			buildActionMask = 2147483647;
			files = (
				BBC4AE4C1EC3892600E96FBC /* main.swift in Sources */,
				BBC4AE5C1EC3897900E96FBC /* InputRouting.swift in Sources */,
				BBC4AE5D1EC3897900E96FBC /* LinkedList.swift in Sources */,
				BBC4AE5B1EC3897900E96FBC /* HeapSort.swift in Sources */,
				BBC4AE631EC38EC100E96FBC /* SearchTree.swift in Sources */,
				BBC4AE5A1EC3897900E96FBC /* Heap.swift in Sources */,
				BBC4AE5E1EC3897900E96FBC /* PriorityQueue.swift in Sources */,
				BBC4AE611EC3897900E96FBC /* UserInterface.swift in Sources */,
				BBC4AE601EC3897900E96FBC /* State.swift in Sources */,
			);
			runOnlyForDeploymentPostprocessing = 0;
		};
/* End PBXSourcesBuildPhase section */

/* Begin XCBuildConfiguration section */
		BBC4AE4D1EC3892600E96FBC /* Debug */ = {
			isa = XCBuildConfiguration;
			buildSettings = {
				ALWAYS_SEARCH_USER_PATHS = NO;
				CLANG_ANALYZER_NONNULL = YES;
				CLANG_ANALYZER_NUMBER_OBJECT_CONVERSION = YES_AGGRESSIVE;
				CLANG_CXX_LANGUAGE_STANDARD = "gnu++0x";
				CLANG_CXX_LIBRARY = "libc++";
				CLANG_ENABLE_MODULES = YES;
				CLANG_ENABLE_OBJC_ARC = YES;
				CLANG_WARN_BOOL_CONVERSION = YES;
				CLANG_WARN_CONSTANT_CONVERSION = YES;
				CLANG_WARN_DIRECT_OBJC_ISA_USAGE = YES_ERROR;
				CLANG_WARN_DOCUMENTATION_COMMENTS = YES;
				CLANG_WARN_EMPTY_BODY = YES;
				CLANG_WARN_ENUM_CONVERSION = YES;
				CLANG_WARN_INFINITE_RECURSION = YES;
				CLANG_WARN_INT_CONVERSION = YES;
				CLANG_WARN_OBJC_ROOT_CLASS = YES_ERROR;
				CLANG_WARN_SUSPICIOUS_MOVE = YES;
				CLANG_WARN_UNREACHABLE_CODE = YES;
				CLANG_WARN__DUPLICATE_METHOD_MATCH = YES;
				CODE_SIGN_IDENTITY = "-";
				COPY_PHASE_STRIP = NO;
				DEBUG_INFORMATION_FORMAT = dwarf;
				ENABLE_STRICT_OBJC_MSGSEND = YES;
				ENABLE_TESTABILITY = YES;
				GCC_C_LANGUAGE_STANDARD = gnu99;
				GCC_DYNAMIC_NO_PIC = NO;
				GCC_NO_COMMON_BLOCKS = YES;
				GCC_OPTIMIZATION_LEVEL = 0;
				GCC_PREPROCESSOR_DEFINITIONS = (
					"DEBUG=1",
					"$(inherited)",
				);
				GCC_WARN_64_TO_32_BIT_CONVERSION = YES;
				GCC_WARN_ABOUT_RETURN_TYPE = YES_ERROR;
				GCC_WARN_UNDECLARED_SELECTOR = YES;
				GCC_WARN_UNINITIALIZED_AUTOS = YES_AGGRESSIVE;
				GCC_WARN_UNUSED_FUNCTION = YES;
				GCC_WARN_UNUSED_VARIABLE = YES;
				MACOSX_DEPLOYMENT_TARGET = 10.12;
				MTL_ENABLE_DEBUG_INFO = YES;
				ONLY_ACTIVE_ARCH = YES;
				SDKROOT = macosx;
				SWIFT_OPTIMIZATION_LEVEL = "-Onone";
			};
			name = Debug;
		};
		BBC4AE4E1EC3892600E96FBC /* Release */ = {
			isa = XCBuildConfiguration;
			buildSettings = {
				ALWAYS_SEARCH_USER_PATHS = NO;
				CLANG_ANALYZER_NONNULL = YES;
				CLANG_ANALYZER_NUMBER_OBJECT_CONVERSION = YES_AGGRESSIVE;
				CLANG_CXX_LANGUAGE_STANDARD = "gnu++0x";
				CLANG_CXX_LIBRARY = "libc++";
				CLANG_ENABLE_MODULES = YES;
				CLANG_ENABLE_OBJC_ARC = YES;
				CLANG_WARN_BOOL_CONVERSION = YES;
				CLANG_WARN_CONSTANT_CONVERSION = YES;
				CLANG_WARN_DIRECT_OBJC_ISA_USAGE = YES_ERROR;
				CLANG_WARN_DOCUMENTATION_COMMENTS = YES;
				CLANG_WARN_EMPTY_BODY = YES;
				CLANG_WARN_ENUM_CONVERSION = YES;
				CLANG_WARN_INFINITE_RECURSION = YES;
				CLANG_WARN_INT_CONVERSION = YES;
				CLANG_WARN_OBJC_ROOT_CLASS = YES_ERROR;
				CLANG_WARN_SUSPICIOUS_MOVE = YES;
				CLANG_WARN_UNREACHABLE_CODE = YES;
				CLANG_WARN__DUPLICATE_METHOD_MATCH = YES;
				CODE_SIGN_IDENTITY = "-";
				COPY_PHASE_STRIP = NO;
				DEBUG_INFORMATION_FORMAT = "dwarf-with-dsym";
				ENABLE_NS_ASSERTIONS = NO;
				ENABLE_STRICT_OBJC_MSGSEND = YES;
				GCC_C_LANGUAGE_STANDARD = gnu99;
				GCC_NO_COMMON_BLOCKS = YES;
				GCC_WARN_64_TO_32_BIT_CONVERSION = YES;
				GCC_WARN_ABOUT_RETURN_TYPE = YES_ERROR;
				GCC_WARN_UNDECLARED_SELECTOR = YES;
				GCC_WARN_UNINITIALIZED_AUTOS = YES_AGGRESSIVE;
				GCC_WARN_UNUSED_FUNCTION = YES;
				GCC_WARN_UNUSED_VARIABLE = YES;
				MACOSX_DEPLOYMENT_TARGET = 10.12;
				MTL_ENABLE_DEBUG_INFO = NO;
				SDKROOT = macosx;
			};
			name = Release;
		};
		BBC4AE501EC3892600E96FBC /* Debug */ = {
			isa = XCBuildConfiguration;
			buildSettings = {
				DEVELOPMENT_TEAM = LDT5GDB2EQ;
				PRODUCT_NAME = "$(TARGET_NAME)";
				SWIFT_VERSION = 3.0;
			};
			name = Debug;
		};
		BBC4AE511EC3892600E96FBC /* Release */ = {
			isa = XCBuildConfiguration;
			buildSettings = {
				DEVELOPMENT_TEAM = LDT5GDB2EQ;
				PRODUCT_NAME = "$(TARGET_NAME)";
				SWIFT_VERSION = 3.0;
			};
			name = Release;
		};
/* End XCBuildConfiguration section */

/* Begin XCConfigurationList section */
		BBC4AE431EC3892600E96FBC /* Build configuration list for PBXProject "Quebra Cabeca de 8 Pecas" */ = {
			isa = XCConfigurationList;
			buildConfigurations = (
				BBC4AE4D1EC3892600E96FBC /* Debug */,
				BBC4AE4E1EC3892600E96FBC /* Release */,
			);
			defaultConfigurationIsVisible = 0;
			defaultConfigurationName = Release;
		};
		BBC4AE4F1EC3892600E96FBC /* Build configuration list for PBXNativeTarget "Quebra Cabeca de 8 Pecas" */ = {
			isa = XCConfigurationList;
			buildConfigurations = (
				BBC4AE501EC3892600E96FBC /* Debug */,
				BBC4AE511EC3892600E96FBC /* Release */,
			);
			defaultConfigurationIsVisible = 0;
		};
/* End XCConfigurationList section */
	};
	rootObject = BBC4AE401EC3892600E96FBC /* Project object */;
}
